
Microsoft Visual Studio Solution File, Format Version 12.00
# Visual Studio 15
VisualStudioVersion = 15.0.28307.271
MinimumVisualStudioVersion = 10.0.40219.1
Project("{FAE04EC0-301F-11D3-BF4B-00C04F79EFBC}") = "forLoop_multipleOfThree", "forLoop_multipleOfThree\forLoop_multipleOfThree.csproj", "{F4E9FED6-C18C-42C3-A566-30529EC790DD}"
EndProject
Global
	GlobalSection(SolutionConfigurationPlatforms) = preSolution
		Debug|Any CPU = Debug|Any CPU
		Release|Any CPU = Release|Any CPU
	EndGlobalSection
	GlobalSection(ProjectConfigurationPlatforms) = postSolution
		{F4E9FED6-C18C-42C3-A566-30529EC790DD}.Debug|Any CPU.ActiveCfg = Debug|Any CPU
		{F4E9FED6-C18C-42C3-A566-30529EC790DD}.Debug|Any CPU.Build.0 = Debug|Any CPU
		{F4E9FED6-C18C-42C3-A566-30529EC790DD}.Release|Any CPU.ActiveCfg = Release|Any CPU
		{F4E9FED6-C18C-42C3-A566-30529EC790DD}.Release|Any CPU.Build.0 = Release|Any CPU
	EndGlobalSection
	GlobalSection(SolutionProperties) = preSolution
		HideSolutionNode = FALSE
	EndGlobalSection
	GlobalSection(ExtensibilityGlobals) = postSolution
		SolutionGuid = {49629EC5-8716-4A2D-94AB-E13F57E0FDB3}
	EndGlobalSection
EndGlobal
